
Microsoft Visual Studio Solution File, Format Version 12.00
# Visual Studio 14
VisualStudioVersion = 14.0.25420.1
MinimumVisualStudioVersion = 10.0.40219.1
Project("{FAE04EC0-301F-11D3-BF4B-00C04F79EFBC}") = "teht01", "teht01\teht01.csproj", "{2E4B08C1-B266-438D-B92F-9F15BBCE11F5}"
EndProject
Project("{FAE04EC0-301F-11D3-BF4B-00C04F79EFBC}") = "teht01alt", "teht01alt\teht01alt.csproj", "{1D890313-8523-4557-A1F7-0F4205D3A820}"
EndProject
Project("{FAE04EC0-301F-11D3-BF4B-00C04F79EFBC}") = "teht02", "teht02\teht02.csproj", "{41DE30D6-47F7-42C6-9230-7E47C32DBEF8}"
EndProject
Project("{FAE04EC0-301F-11D3-BF4B-00C04F79EFBC}") = "teht03", "teht03\teht03.csproj", "{4168C440-945F-49C4-A31E-7ED77DC12F1F}"
EndProject
Project("{FAE04EC0-301F-11D3-BF4B-00C04F79EFBC}") = "teht04", "teht04\teht04.csproj", "{71BDBAAC-91D3-4D80-93A4-F19A2CA8E8D9}"
EndProject
Project("{FAE04EC0-301F-11D3-BF4B-00C04F79EFBC}") = "teht05", "teht05\teht05.csproj", "{D1EA5A25-5C01-429B-B1FC-40D9D8CFDF83}"
EndProject
Project("{FAE04EC0-301F-11D3-BF4B-00C04F79EFBC}") = "teht06", "teht06\teht06.csproj", "{709AC5BC-1B8D-46DA-8D71-D4FE6EAAE091}"
EndProject
Project("{FAE04EC0-301F-11D3-BF4B-00C04F79EFBC}") = "teht07", "teht07\teht07.csproj", "{E2DC81E9-D438-404E-AAA4-49885707F353}"
EndProject
Project("{FAE04EC0-301F-11D3-BF4B-00C04F79EFBC}") = "teht08", "teht08\teht08.csproj", "{76DF4DF7-FEE4-45ED-904B-1BF6E443A7B8}"
EndProject
Project("{FAE04EC0-301F-11D3-BF4B-00C04F79EFBC}") = "teht09", "teht09\teht09.csproj", "{EBDEB264-1E4E-45D9-84DF-686F6972AF68}"
EndProject
Project("{FAE04EC0-301F-11D3-BF4B-00C04F79EFBC}") = "teht10", "teht10\teht10.csproj", "{82C604A2-4BB3-408F-A8D6-6DE77C8600EE}"
EndProject
Project("{FAE04EC0-301F-11D3-BF4B-00C04F79EFBC}") = "teht11", "teht11\teht11.csproj", "{EA7BB18C-7AAD-4254-9044-01D99088E846}"
EndProject
Project("{FAE04EC0-301F-11D3-BF4B-00C04F79EFBC}") = "teht12", "teht12\teht12.csproj", "{29651570-6A4A-42F7-84EB-36B957D1965A}"
EndProject
Project("{FAE04EC0-301F-11D3-BF4B-00C04F79EFBC}") = "teht13", "teht13\teht13.csproj", "{796ACE78-3393-4DC1-83CC-5B6E56CC2255}"
EndProject
Global
	GlobalSection(SolutionConfigurationPlatforms) = preSolution
		Debug|Any CPU = Debug|Any CPU
		Release|Any CPU = Release|Any CPU
	EndGlobalSection
	GlobalSection(ProjectConfigurationPlatforms) = postSolution
		{2E4B08C1-B266-438D-B92F-9F15BBCE11F5}.Debug|Any CPU.ActiveCfg = Debug|Any CPU
		{2E4B08C1-B266-438D-B92F-9F15BBCE11F5}.Debug|Any CPU.Build.0 = Debug|Any CPU
		{2E4B08C1-B266-438D-B92F-9F15BBCE11F5}.Release|Any CPU.ActiveCfg = Release|Any CPU
		{2E4B08C1-B266-438D-B92F-9F15BBCE11F5}.Release|Any CPU.Build.0 = Release|Any CPU
		{1D890313-8523-4557-A1F7-0F4205D3A820}.Debug|Any CPU.ActiveCfg = Debug|Any CPU
		{1D890313-8523-4557-A1F7-0F4205D3A820}.Debug|Any CPU.Build.0 = Debug|Any CPU
		{1D890313-8523-4557-A1F7-0F4205D3A820}.Release|Any CPU.ActiveCfg = Release|Any CPU
		{1D890313-8523-4557-A1F7-0F4205D3A820}.Release|Any CPU.Build.0 = Release|Any CPU
		{41DE30D6-47F7-42C6-9230-7E47C32DBEF8}.Debug|Any CPU.ActiveCfg = Debug|Any CPU
		{41DE30D6-47F7-42C6-9230-7E47C32DBEF8}.Debug|Any CPU.Build.0 = Debug|Any CPU
		{41DE30D6-47F7-42C6-9230-7E47C32DBEF8}.Release|Any CPU.ActiveCfg = Release|Any CPU
		{41DE30D6-47F7-42C6-9230-7E47C32DBEF8}.Release|Any CPU.Build.0 = Release|Any CPU
		{4168C440-945F-49C4-A31E-7ED77DC12F1F}.Debug|Any CPU.ActiveCfg = Debug|Any CPU
		{4168C440-945F-49C4-A31E-7ED77DC12F1F}.Debug|Any CPU.Build.0 = Debug|Any CPU
		{4168C440-945F-49C4-A31E-7ED77DC12F1F}.Release|Any CPU.ActiveCfg = Release|Any CPU
		{4168C440-945F-49C4-A31E-7ED77DC12F1F}.Release|Any CPU.Build.0 = Release|Any CPU
		{71BDBAAC-91D3-4D80-93A4-F19A2CA8E8D9}.Debug|Any CPU.ActiveCfg = Debug|Any CPU
		{71BDBAAC-91D3-4D80-93A4-F19A2CA8E8D9}.Debug|Any CPU.Build.0 = Debug|Any CPU
		{71BDBAAC-91D3-4D80-93A4-F19A2CA8E8D9}.Release|Any CPU.ActiveCfg = Release|Any CPU
		{71BDBAAC-91D3-4D80-93A4-F19A2CA8E8D9}.Release|Any CPU.Build.0 = Release|Any CPU
		{D1EA5A25-5C01-429B-B1FC-40D9D8CFDF83}.Debug|Any CPU.ActiveCfg = Debug|Any CPU
		{D1EA5A25-5C01-429B-B1FC-40D9D8CFDF83}.Debug|Any CPU.Build.0 = Debug|Any CPU
		{D1EA5A25-5C01-429B-B1FC-40D9D8CFDF83}.Release|Any CPU.ActiveCfg = Release|Any CPU
		{D1EA5A25-5C01-429B-B1FC-40D9D8CFDF83}.Release|Any CPU.Build.0 = Release|Any CPU
		{709AC5BC-1B8D-46DA-8D71-D4FE6EAAE091}.Debug|Any CPU.ActiveCfg = Debug|Any CPU
		{709AC5BC-1B8D-46DA-8D71-D4FE6EAAE091}.Debug|Any CPU.Build.0 = Debug|Any CPU
		{709AC5BC-1B8D-46DA-8D71-D4FE6EAAE091}.Release|Any CPU.ActiveCfg = Release|Any CPU
		{709AC5BC-1B8D-46DA-8D71-D4FE6EAAE091}.Release|Any CPU.Build.0 = Release|Any CPU
		{E2DC81E9-D438-404E-AAA4-49885707F353}.Debug|Any CPU.ActiveCfg = Debug|Any CPU
		{E2DC81E9-D438-404E-AAA4-49885707F353}.Debug|Any CPU.Build.0 = Debug|Any CPU
		{E2DC81E9-D438-404E-AAA4-49885707F353}.Release|Any CPU.ActiveCfg = Release|Any CPU
		{E2DC81E9-D438-404E-AAA4-49885707F353}.Release|Any CPU.Build.0 = Release|Any CPU
		{76DF4DF7-FEE4-45ED-904B-1BF6E443A7B8}.Debug|Any CPU.ActiveCfg = Debug|Any CPU
		{76DF4DF7-FEE4-45ED-904B-1BF6E443A7B8}.Debug|Any CPU.Build.0 = Debug|Any CPU
		{76DF4DF7-FEE4-45ED-904B-1BF6E443A7B8}.Release|Any CPU.ActiveCfg = Release|Any CPU
		{76DF4DF7-FEE4-45ED-904B-1BF6E443A7B8}.Release|Any CPU.Build.0 = Release|Any CPU
		{EBDEB264-1E4E-45D9-84DF-686F6972AF68}.Debug|Any CPU.ActiveCfg = Debug|Any CPU
		{EBDEB264-1E4E-45D9-84DF-686F6972AF68}.Debug|Any CPU.Build.0 = Debug|Any CPU
		{EBDEB264-1E4E-45D9-84DF-686F6972AF68}.Release|Any CPU.ActiveCfg = Release|Any CPU
		{EBDEB264-1E4E-45D9-84DF-686F6972AF68}.Release|Any CPU.Build.0 = Release|Any CPU
		{82C604A2-4BB3-408F-A8D6-6DE77C8600EE}.Debug|Any CPU.ActiveCfg = Debug|Any CPU
		{82C604A2-4BB3-408F-A8D6-6DE77C8600EE}.Debug|Any CPU.Build.0 = Debug|Any CPU
		{82C604A2-4BB3-408F-A8D6-6DE77C8600EE}.Release|Any CPU.ActiveCfg = Release|Any CPU
		{82C604A2-4BB3-408F-A8D6-6DE77C8600EE}.Release|Any CPU.Build.0 = Release|Any CPU
		{EA7BB18C-7AAD-4254-9044-01D99088E846}.Debug|Any CPU.ActiveCfg = Debug|Any CPU
		{EA7BB18C-7AAD-4254-9044-01D99088E846}.Debug|Any CPU.Build.0 = Debug|Any CPU
		{EA7BB18C-7AAD-4254-9044-01D99088E846}.Release|Any CPU.ActiveCfg = Release|Any CPU
		{EA7BB18C-7AAD-4254-9044-01D99088E846}.Release|Any CPU.Build.0 = Release|Any CPU
		{29651570-6A4A-42F7-84EB-36B957D1965A}.Debug|Any CPU.ActiveCfg = Debug|Any CPU
		{29651570-6A4A-42F7-84EB-36B957D1965A}.Debug|Any CPU.Build.0 = Debug|Any CPU
		{29651570-6A4A-42F7-84EB-36B957D1965A}.Release|Any CPU.ActiveCfg = Release|Any CPU
		{29651570-6A4A-42F7-84EB-36B957D1965A}.Release|Any CPU.Build.0 = Release|Any CPU
		{796ACE78-3393-4DC1-83CC-5B6E56CC2255}.Debug|Any CPU.ActiveCfg = Debug|Any CPU
		{796ACE78-3393-4DC1-83CC-5B6E56CC2255}.Debug|Any CPU.Build.0 = Debug|Any CPU
		{796ACE78-3393-4DC1-83CC-5B6E56CC2255}.Release|Any CPU.ActiveCfg = Release|Any CPU
		{796ACE78-3393-4DC1-83CC-5B6E56CC2255}.Release|Any CPU.Build.0 = Release|Any CPU
	EndGlobalSection
	GlobalSection(SolutionProperties) = preSolution
		HideSolutionNode = FALSE
	EndGlobalSection
EndGlobal
